
Microsoft Visual Studio Solution File, Format Version 12.00
# Visual Studio Version 17
VisualStudioVersion = 17.1.32414.318
MinimumVisualStudioVersion = 10.0.40219.1
Project("{2150E333-8FDC-42A3-9474-1A3956D46DE8}") = "ApiGateways", "ApiGateways", "{29631C9B-2ADF-49EE-B140-9D58451E3D55}"
EndProject
Project("{2150E333-8FDC-42A3-9474-1A3956D46DE8}") = "Services", "Services", "{EF817F7A-BF8E-48A6-8B5B-14512F70CAE2}"
EndProject
Project("{2150E333-8FDC-42A3-9474-1A3956D46DE8}") = "Calidad", "Calidad", "{D885FA2D-645E-4537-A1F8-765BB8058A91}"
EndProject
Project("{2150E333-8FDC-42A3-9474-1A3956D46DE8}") = "Compras", "Compras", "{EAC8F97F-FCE3-4A7D-BB3B-0D772228B95B}"
EndProject
Project("{2150E333-8FDC-42A3-9474-1A3956D46DE8}") = "Costos", "Costos", "{0AFCBF39-8F68-45E7-B446-D884441E80EE}"
EndProject
Project("{2150E333-8FDC-42A3-9474-1A3956D46DE8}") = "Costura", "Costura", "{ACDBBCE0-D746-4724-8D14-45854FCA298B}"
EndProject
Project("{2150E333-8FDC-42A3-9474-1A3956D46DE8}") = "Exportacion", "Exportacion", "{E6F0C1A8-6BC3-4F46-90E8-C26B0902F685}"
EndProject
Project("{2150E333-8FDC-42A3-9474-1A3956D46DE8}") = "FacturaElectronica", "FacturaElectronica", "{F2496D73-6EAB-4185-A5B1-BBDF6AD55CE8}"
EndProject
Project("{2150E333-8FDC-42A3-9474-1A3956D46DE8}") = "Importacion", "Importacion", "{0410DD87-0B0D-4FB4-A1E1-30BAD83DCE08}"
EndProject
Project("{2150E333-8FDC-42A3-9474-1A3956D46DE8}") = "InventarioCrudo", "InventarioCrudo", "{88F3B3F6-CBAC-4C5E-BDAC-AC38FE4AF7F1}"
EndProject
Project("{2150E333-8FDC-42A3-9474-1A3956D46DE8}") = "Mantenimiento", "Mantenimiento", "{22E7FB25-A879-49C1-A52F-0511D7D83E38}"
EndProject
Project("{2150E333-8FDC-42A3-9474-1A3956D46DE8}") = "Planeacion", "Planeacion", "{047DE46D-EFC1-44E3-A685-9A84EF859FFD}"
EndProject
Project("{2150E333-8FDC-42A3-9474-1A3956D46DE8}") = "ProduccionGeneral", "ProduccionGeneral", "{36F75807-7FBC-4D85-B86A-D0EF4BCC9605}"
EndProject
Project("{2150E333-8FDC-42A3-9474-1A3956D46DE8}") = "Repuestos", "Repuestos", "{D580641B-1426-42CA-B5D9-18892617F310}"
EndProject
Project("{2150E333-8FDC-42A3-9474-1A3956D46DE8}") = "Sabanas", "Sabanas", "{2662C3FC-4507-4C3A-ABFF-8FD3508A0E35}"
EndProject
Project("{2150E333-8FDC-42A3-9474-1A3956D46DE8}") = "Seguimiento", "Seguimiento", "{2CBE5CC1-2B6B-408E-8C15-968549971961}"
EndProject
Project("{2150E333-8FDC-42A3-9474-1A3956D46DE8}") = "Showroom", "Showroom", "{2A425E18-98CE-43EA-9228-CC3CAD6D2791}"
EndProject
Project("{2150E333-8FDC-42A3-9474-1A3956D46DE8}") = "TenidoHilaza", "TenidoHilaza", "{B4FB7BF0-0140-427A-9AF7-A905F432C614}"
EndProject
Project("{2150E333-8FDC-42A3-9474-1A3956D46DE8}") = "TesoreriaInternacional", "TesoreriaInternacional", "{685BA672-CE34-44ED-8680-78B3F2654002}"
EndProject
Project("{2150E333-8FDC-42A3-9474-1A3956D46DE8}") = "Tintoreria", "Tintoreria", "{7D612FD6-EA7C-4F78-A845-0121042DAE8E}"
EndProject
Project("{2150E333-8FDC-42A3-9474-1A3956D46DE8}") = "Common", "Common", "{7437690E-C5A3-46CF-AA4F-E0492B584420}"
EndProject
Project("{2150E333-8FDC-42A3-9474-1A3956D46DE8}") = "_Ejemplo", "_Ejemplo", "{C156E4F6-387F-4BEA-9585-824F47642600}"
EndProject
Project("{2150E333-8FDC-42A3-9474-1A3956D46DE8}") = "Inventario", "Inventario", "{C73084FA-95F2-4737-B21F-37D3E736175D}"
EndProject
Project("{2150E333-8FDC-42A3-9474-1A3956D46DE8}") = "Cliente", "Cliente", "{0D51AE80-A7A5-480D-BAB4-B341BDFDCBD5}"
EndProject
Project("{2150E333-8FDC-42A3-9474-1A3956D46DE8}") = "Pedido", "Pedido", "{9AE4B7C2-4BAC-49D1-AB3C-F8210EE1C970}"
EndProject
Project("{2150E333-8FDC-42A3-9474-1A3956D46DE8}") = "src", "src", "{8A105845-50BD-4EF6-A7C2-0B44D7135F94}"
EndProject
Project("{2150E333-8FDC-42A3-9474-1A3956D46DE8}") = "tests", "tests", "{3134385F-FBCE-4BD5-9CCE-90936614D710}"
EndProject
Project("{9A19103F-16F7-4668-BE54-9A1E7A4F7556}") = "Common.Collection", "src\Services\Common\Common.Collection\Common.Collection.csproj", "{4D195351-C560-42C1-8E29-F53336A65202}"
EndProject
Project("{9A19103F-16F7-4668-BE54-9A1E7A4F7556}") = "Common.Constant", "src\Services\Common\Common.Constants\Common.Constant.csproj", "{7AC2ABFD-9106-4BB5-B4AB-82282903B557}"
EndProject
Project("{9A19103F-16F7-4668-BE54-9A1E7A4F7556}") = "Common.Mapping", "src\Services\Common\Common.Mapping\Common.Mapping.csproj", "{A32751B8-64B0-4498-B2A2-3E275A89B28F}"
EndProject
Project("{9A19103F-16F7-4668-BE54-9A1E7A4F7556}") = "Common.Paging", "src\Services\Common\Common.Paging\Common.Paging.csproj", "{13FDDA99-F777-4EC3-96B5-FED2EAD89E71}"
EndProject
Project("{9A19103F-16F7-4668-BE54-9A1E7A4F7556}") = "Inventario.Application", "src\Services\_Ejemplo\Inventario\Inventario.Application\Inventario.Application.csproj", "{ECCAAECF-3A14-4A40-9673-024D04031DF7}"
EndProject
Project("{9A19103F-16F7-4668-BE54-9A1E7A4F7556}") = "Inventario.Contracts", "src\Services\_Ejemplo\Inventario\Inventario.Contracts\Inventario.Contracts.csproj", "{6557C60E-A7E0-487B-A029-4B24E84E8237}"
EndProject
Project("{9A19103F-16F7-4668-BE54-9A1E7A4F7556}") = "Inventario.Entities", "src\Services\_Ejemplo\Inventario\Inventario.Entities\Inventario.Entities.csproj", "{881F89EC-E425-46A8-BEB4-DBA1C20B22D5}"
EndProject
Project("{9A19103F-16F7-4668-BE54-9A1E7A4F7556}") = "Inventario.LoggerService", "src\Services\_Ejemplo\Inventario\Inventario.LoggerService\Inventario.LoggerService.csproj", "{C74E526B-D881-4FEB-A3E7-B2535136A97C}"
EndProject
Project("{9A19103F-16F7-4668-BE54-9A1E7A4F7556}") = "Inventario.Presentation", "src\Services\_Ejemplo\Inventario\Inventario.Presentation\Inventario.Presentation.csproj", "{EFDB550B-6B0A-4A97-9328-9B42DC768013}"
EndProject
Project("{9A19103F-16F7-4668-BE54-9A1E7A4F7556}") = "Inventario.Repository", "src\Services\_Ejemplo\Inventario\Inventario.Repository\Inventario.Repository.csproj", "{BE18A801-753D-47C4-8F94-F3C033B963BC}"
EndProject
Project("{9A19103F-16F7-4668-BE54-9A1E7A4F7556}") = "Inventario.Service", "src\Services\_Ejemplo\Inventario\Inventario.Service\Inventario.Service.csproj", "{4664C4EE-B1D6-41E4-8687-4BF8A8E06417}"
EndProject
Project("{9A19103F-16F7-4668-BE54-9A1E7A4F7556}") = "Inventario.Shared", "src\Services\_Ejemplo\Inventario\Inventario.Shared\Inventario.Shared.csproj", "{3E7B6B87-5DDA-4DD0-80D2-C62A71B64F4D}"
EndProject
Project("{9A19103F-16F7-4668-BE54-9A1E7A4F7556}") = "Inventario", "src\Services\_Ejemplo\Inventario\Inventario\Inventario.csproj", "{F1786B49-7157-474D-8B78-D38473FF5395}"
EndProject
Project("{2150E333-8FDC-42A3-9474-1A3956D46DE8}") = "_Ejemplo", "_Ejemplo", "{AF7806BD-F331-4F33-9264-C84163958EA1}"
EndProject
Project("{9A19103F-16F7-4668-BE54-9A1E7A4F7556}") = "_Ejemplo", "tests\_Ejemplo\_Ejemplo.csproj", "{6708D52F-FB01-490F-BFD5-5B86D1F3855E}"
EndProject
Project("{9A19103F-16F7-4668-BE54-9A1E7A4F7556}") = "Cliente.Entities", "src\Services\_Ejemplo\Cliente\Cliente.Entities\Cliente.Entities.csproj", "{BAE9D228-2AD1-43CA-A389-F0AF79F34F4F}"
EndProject
Project("{9A19103F-16F7-4668-BE54-9A1E7A4F7556}") = "Cliente", "src\Services\_Ejemplo\Cliente\Cliente\Cliente.csproj", "{FED65FD8-78F1-4FC6-97C2-848D35E1BC1D}"
EndProject
Project("{9A19103F-16F7-4668-BE54-9A1E7A4F7556}") = "Cliente.Application", "src\Services\_Ejemplo\Cliente\Cliente.Application\Cliente.Application.csproj", "{E229D748-AEF0-46AA-ACDC-FA170093BDC5}"
EndProject
Project("{9A19103F-16F7-4668-BE54-9A1E7A4F7556}") = "Cliente.Shared", "src\Services\_Ejemplo\Cliente\Cliente.Shared\Cliente.Shared.csproj", "{A315705F-0A8A-40F7-BABE-DE2820DEAA2E}"
EndProject
Project("{9A19103F-16F7-4668-BE54-9A1E7A4F7556}") = "Cliente.Contracts", "src\Services\_Ejemplo\Cliente\Cliente.Contracts\Cliente.Contracts.csproj", "{3B047A3A-7900-4457-9A73-D2891D2C727B}"
EndProject
Project("{9A19103F-16F7-4668-BE54-9A1E7A4F7556}") = "Pedido.Application", "src\Services\_Ejemplo\Pedido\Pedido.Application\Pedido.Application.csproj", "{6DD5B10C-2621-4054-889D-3C4197AE33DE}"
EndProject
Project("{9A19103F-16F7-4668-BE54-9A1E7A4F7556}") = "Pedido.Contracts", "src\Services\_Ejemplo\Pedido\Pedido.Contracts\Pedido.Contracts.csproj", "{CBCB53EC-BFF4-41FD-A90B-AB2859F813C1}"
EndProject
Project("{9A19103F-16F7-4668-BE54-9A1E7A4F7556}") = "Pedido.Entities", "src\Services\_Ejemplo\Pedido\Pedido.Entities\Pedido.Entities.csproj", "{D5260C63-DB09-46B4-BDBA-59B2BEAC5F2C}"
EndProject
Project("{9A19103F-16F7-4668-BE54-9A1E7A4F7556}") = "Pedido.Shared", "src\Services\_Ejemplo\Pedido\Pedido.Shared\Pedido.Shared.csproj", "{3C3DB3DB-E7C2-4E9C-8B33-94582131073A}"
EndProject
Project("{9A19103F-16F7-4668-BE54-9A1E7A4F7556}") = "Pedido", "src\Services\_Ejemplo\Pedido\Pedido\Pedido.csproj", "{B93D2686-E9A2-4700-ADD5-4E7022EB6299}"
EndProject
Project("{9A19103F-16F7-4668-BE54-9A1E7A4F7556}") = "Pedido.Proxies", "src\Services\_Ejemplo\Pedido\Pedido.Proxies\Pedido.Proxies.csproj", "{C567C433-D405-4947-B2E3-728847CC1EF8}"
EndProject
Project("{2150E333-8FDC-42A3-9474-1A3956D46DE8}") = "APIs", "APIs", "{9C51B700-260E-419D-B3EB-0FCE30A2C377}"
EndProject
Project("{9A19103F-16F7-4668-BE54-9A1E7A4F7556}") = "Api.Gateway.Web", "src\ApiGateways\APIs\Api.Gateway.Web\Api.Gateway.Web.csproj", "{DA519ED3-7E60-41F6-94B5-749F11118CF6}"
EndProject
Project("{9A19103F-16F7-4668-BE54-9A1E7A4F7556}") = "ApiGateway.Proxies", "src\ApiGateways\ApiGateway.Proxies\ApiGateway.Proxies.csproj", "{0A0A8124-BACB-42B3-B199-42A69F9B1D43}"
EndProject
Project("{9A19103F-16F7-4668-BE54-9A1E7A4F7556}") = "ApiGateway.Shared", "src\ApiGateways\ApiGateway.Shared\ApiGateway.Shared.csproj", "{BE96BAF7-C8C8-4519-8C29-350375F9E96A}"
EndProject
Project("{9A19103F-16F7-4668-BE54-9A1E7A4F7556}") = "ApiGateway.Models", "src\ApiGateways\ApiGateway.Models\ApiGateway.Models.csproj", "{D2A75343-7585-4DB9-B5F5-E1BCBC8F9740}"
EndProject
Project("{2150E333-8FDC-42A3-9474-1A3956D46DE8}") = "Auth", "Auth", "{79031241-E970-40CC-B880-19129408A1E4}"
EndProject
Project("{9A19103F-16F7-4668-BE54-9A1E7A4F7556}") = "Auth", "src\Services\_Ejemplo\Auth\Auth\Auth.csproj", "{538CC4BB-DDF3-459B-B02A-6302EBA8F86C}"
EndProject
Project("{9A19103F-16F7-4668-BE54-9A1E7A4F7556}") = "Auth.Models", "src\Services\_Ejemplo\Auth\Auth.Models\Auth.Models.csproj", "{C9DCAF7F-9FB8-40DA-8EF3-988DEA96729D}"
EndProject
Project("{FAE04EC0-301F-11D3-BF4B-00C04F79EFBC}") = "Common.Auth", "Common.Auth\Common.Auth.csproj", "{AE0ED721-9C0F-4532-A468-1CAC0C574C2B}"
EndProject
Global
	GlobalSection(SolutionConfigurationPlatforms) = preSolution
		Debug|Any CPU = Debug|Any CPU
		Release|Any CPU = Release|Any CPU
	EndGlobalSection
	GlobalSection(ProjectConfigurationPlatforms) = postSolution
		{4D195351-C560-42C1-8E29-F53336A65202}.Debug|Any CPU.ActiveCfg = Debug|Any CPU
		{4D195351-C560-42C1-8E29-F53336A65202}.Debug|Any CPU.Build.0 = Debug|Any CPU
		{4D195351-C560-42C1-8E29-F53336A65202}.Release|Any CPU.ActiveCfg = Release|Any CPU
		{4D195351-C560-42C1-8E29-F53336A65202}.Release|Any CPU.Build.0 = Release|Any CPU
		{7AC2ABFD-9106-4BB5-B4AB-82282903B557}.Debug|Any CPU.ActiveCfg = Debug|Any CPU
		{7AC2ABFD-9106-4BB5-B4AB-82282903B557}.Debug|Any CPU.Build.0 = Debug|Any CPU
		{7AC2ABFD-9106-4BB5-B4AB-82282903B557}.Release|Any CPU.ActiveCfg = Release|Any CPU
		{7AC2ABFD-9106-4BB5-B4AB-82282903B557}.Release|Any CPU.Build.0 = Release|Any CPU
		{A32751B8-64B0-4498-B2A2-3E275A89B28F}.Debug|Any CPU.ActiveCfg = Debug|Any CPU
		{A32751B8-64B0-4498-B2A2-3E275A89B28F}.Debug|Any CPU.Build.0 = Debug|Any CPU
		{A32751B8-64B0-4498-B2A2-3E275A89B28F}.Release|Any CPU.ActiveCfg = Release|Any CPU
		{A32751B8-64B0-4498-B2A2-3E275A89B28F}.Release|Any CPU.Build.0 = Release|Any CPU
		{13FDDA99-F777-4EC3-96B5-FED2EAD89E71}.Debug|Any CPU.ActiveCfg = Debug|Any CPU
		{13FDDA99-F777-4EC3-96B5-FED2EAD89E71}.Debug|Any CPU.Build.0 = Debug|Any CPU
		{13FDDA99-F777-4EC3-96B5-FED2EAD89E71}.Release|Any CPU.ActiveCfg = Release|Any CPU
		{13FDDA99-F777-4EC3-96B5-FED2EAD89E71}.Release|Any CPU.Build.0 = Release|Any CPU
		{ECCAAECF-3A14-4A40-9673-024D04031DF7}.Debug|Any CPU.ActiveCfg = Debug|Any CPU
		{ECCAAECF-3A14-4A40-9673-024D04031DF7}.Debug|Any CPU.Build.0 = Debug|Any CPU
		{ECCAAECF-3A14-4A40-9673-024D04031DF7}.Release|Any CPU.ActiveCfg = Release|Any CPU
		{ECCAAECF-3A14-4A40-9673-024D04031DF7}.Release|Any CPU.Build.0 = Release|Any CPU
		{6557C60E-A7E0-487B-A029-4B24E84E8237}.Debug|Any CPU.ActiveCfg = Debug|Any CPU
		{6557C60E-A7E0-487B-A029-4B24E84E8237}.Debug|Any CPU.Build.0 = Debug|Any CPU
		{6557C60E-A7E0-487B-A029-4B24E84E8237}.Release|Any CPU.ActiveCfg = Release|Any CPU
		{6557C60E-A7E0-487B-A029-4B24E84E8237}.Release|Any CPU.Build.0 = Release|Any CPU
		{881F89EC-E425-46A8-BEB4-DBA1C20B22D5}.Debug|Any CPU.ActiveCfg = Debug|Any CPU
		{881F89EC-E425-46A8-BEB4-DBA1C20B22D5}.Debug|Any CPU.Build.0 = Debug|Any CPU
		{881F89EC-E425-46A8-BEB4-DBA1C20B22D5}.Release|Any CPU.ActiveCfg = Release|Any CPU
		{881F89EC-E425-46A8-BEB4-DBA1C20B22D5}.Release|Any CPU.Build.0 = Release|Any CPU
		{C74E526B-D881-4FEB-A3E7-B2535136A97C}.Debug|Any CPU.ActiveCfg = Debug|Any CPU
		{C74E526B-D881-4FEB-A3E7-B2535136A97C}.Debug|Any CPU.Build.0 = Debug|Any CPU
		{C74E526B-D881-4FEB-A3E7-B2535136A97C}.Release|Any CPU.ActiveCfg = Release|Any CPU
		{C74E526B-D881-4FEB-A3E7-B2535136A97C}.Release|Any CPU.Build.0 = Release|Any CPU
		{EFDB550B-6B0A-4A97-9328-9B42DC768013}.Debug|Any CPU.ActiveCfg = Debug|Any CPU
		{EFDB550B-6B0A-4A97-9328-9B42DC768013}.Debug|Any CPU.Build.0 = Debug|Any CPU
		{EFDB550B-6B0A-4A97-9328-9B42DC768013}.Release|Any CPU.ActiveCfg = Release|Any CPU
		{EFDB550B-6B0A-4A97-9328-9B42DC768013}.Release|Any CPU.Build.0 = Release|Any CPU
		{BE18A801-753D-47C4-8F94-F3C033B963BC}.Debug|Any CPU.ActiveCfg = Debug|Any CPU
		{BE18A801-753D-47C4-8F94-F3C033B963BC}.Debug|Any CPU.Build.0 = Debug|Any CPU
		{BE18A801-753D-47C4-8F94-F3C033B963BC}.Release|Any CPU.ActiveCfg = Release|Any CPU
		{BE18A801-753D-47C4-8F94-F3C033B963BC}.Release|Any CPU.Build.0 = Release|Any CPU
		{4664C4EE-B1D6-41E4-8687-4BF8A8E06417}.Debug|Any CPU.ActiveCfg = Debug|Any CPU
		{4664C4EE-B1D6-41E4-8687-4BF8A8E06417}.Debug|Any CPU.Build.0 = Debug|Any CPU
		{4664C4EE-B1D6-41E4-8687-4BF8A8E06417}.Release|Any CPU.ActiveCfg = Release|Any CPU
		{4664C4EE-B1D6-41E4-8687-4BF8A8E06417}.Release|Any CPU.Build.0 = Release|Any CPU
		{3E7B6B87-5DDA-4DD0-80D2-C62A71B64F4D}.Debug|Any CPU.ActiveCfg = Debug|Any CPU
		{3E7B6B87-5DDA-4DD0-80D2-C62A71B64F4D}.Debug|Any CPU.Build.0 = Debug|Any CPU
		{3E7B6B87-5DDA-4DD0-80D2-C62A71B64F4D}.Release|Any CPU.ActiveCfg = Release|Any CPU
		{3E7B6B87-5DDA-4DD0-80D2-C62A71B64F4D}.Release|Any CPU.Build.0 = Release|Any CPU
		{F1786B49-7157-474D-8B78-D38473FF5395}.Debug|Any CPU.ActiveCfg = Debug|Any CPU
		{F1786B49-7157-474D-8B78-D38473FF5395}.Debug|Any CPU.Build.0 = Debug|Any CPU
		{F1786B49-7157-474D-8B78-D38473FF5395}.Release|Any CPU.ActiveCfg = Release|Any CPU
		{F1786B49-7157-474D-8B78-D38473FF5395}.Release|Any CPU.Build.0 = Release|Any CPU
		{6708D52F-FB01-490F-BFD5-5B86D1F3855E}.Debug|Any CPU.ActiveCfg = Debug|Any CPU
		{6708D52F-FB01-490F-BFD5-5B86D1F3855E}.Debug|Any CPU.Build.0 = Debug|Any CPU
		{6708D52F-FB01-490F-BFD5-5B86D1F3855E}.Release|Any CPU.ActiveCfg = Release|Any CPU
		{6708D52F-FB01-490F-BFD5-5B86D1F3855E}.Release|Any CPU.Build.0 = Release|Any CPU
		{BAE9D228-2AD1-43CA-A389-F0AF79F34F4F}.Debug|Any CPU.ActiveCfg = Debug|Any CPU
		{BAE9D228-2AD1-43CA-A389-F0AF79F34F4F}.Debug|Any CPU.Build.0 = Debug|Any CPU
		{BAE9D228-2AD1-43CA-A389-F0AF79F34F4F}.Release|Any CPU.ActiveCfg = Release|Any CPU
		{BAE9D228-2AD1-43CA-A389-F0AF79F34F4F}.Release|Any CPU.Build.0 = Release|Any CPU
		{FED65FD8-78F1-4FC6-97C2-848D35E1BC1D}.Debug|Any CPU.ActiveCfg = Debug|Any CPU
		{FED65FD8-78F1-4FC6-97C2-848D35E1BC1D}.Debug|Any CPU.Build.0 = Debug|Any CPU
		{FED65FD8-78F1-4FC6-97C2-848D35E1BC1D}.Release|Any CPU.ActiveCfg = Release|Any CPU
		{FED65FD8-78F1-4FC6-97C2-848D35E1BC1D}.Release|Any CPU.Build.0 = Release|Any CPU
		{E229D748-AEF0-46AA-ACDC-FA170093BDC5}.Debug|Any CPU.ActiveCfg = Debug|Any CPU
		{E229D748-AEF0-46AA-ACDC-FA170093BDC5}.Debug|Any CPU.Build.0 = Debug|Any CPU
		{E229D748-AEF0-46AA-ACDC-FA170093BDC5}.Release|Any CPU.ActiveCfg = Release|Any CPU
		{E229D748-AEF0-46AA-ACDC-FA170093BDC5}.Release|Any CPU.Build.0 = Release|Any CPU
		{A315705F-0A8A-40F7-BABE-DE2820DEAA2E}.Debug|Any CPU.ActiveCfg = Debug|Any CPU
		{A315705F-0A8A-40F7-BABE-DE2820DEAA2E}.Debug|Any CPU.Build.0 = Debug|Any CPU
		{A315705F-0A8A-40F7-BABE-DE2820DEAA2E}.Release|Any CPU.ActiveCfg = Release|Any CPU
		{A315705F-0A8A-40F7-BABE-DE2820DEAA2E}.Release|Any CPU.Build.0 = Release|Any CPU
		{3B047A3A-7900-4457-9A73-D2891D2C727B}.Debug|Any CPU.ActiveCfg = Debug|Any CPU
		{3B047A3A-7900-4457-9A73-D2891D2C727B}.Debug|Any CPU.Build.0 = Debug|Any CPU
		{3B047A3A-7900-4457-9A73-D2891D2C727B}.Release|Any CPU.ActiveCfg = Release|Any CPU
		{3B047A3A-7900-4457-9A73-D2891D2C727B}.Release|Any CPU.Build.0 = Release|Any CPU
		{6DD5B10C-2621-4054-889D-3C4197AE33DE}.Debug|Any CPU.ActiveCfg = Debug|Any CPU
		{6DD5B10C-2621-4054-889D-3C4197AE33DE}.Debug|Any CPU.Build.0 = Debug|Any CPU
		{6DD5B10C-2621-4054-889D-3C4197AE33DE}.Release|Any CPU.ActiveCfg = Release|Any CPU
		{6DD5B10C-2621-4054-889D-3C4197AE33DE}.Release|Any CPU.Build.0 = Release|Any CPU
		{CBCB53EC-BFF4-41FD-A90B-AB2859F813C1}.Debug|Any CPU.ActiveCfg = Debug|Any CPU
		{CBCB53EC-BFF4-41FD-A90B-AB2859F813C1}.Debug|Any CPU.Build.0 = Debug|Any CPU
		{CBCB53EC-BFF4-41FD-A90B-AB2859F813C1}.Release|Any CPU.ActiveCfg = Release|Any CPU
		{CBCB53EC-BFF4-41FD-A90B-AB2859F813C1}.Release|Any CPU.Build.0 = Release|Any CPU
		{D5260C63-DB09-46B4-BDBA-59B2BEAC5F2C}.Debug|Any CPU.ActiveCfg = Debug|Any CPU
		{D5260C63-DB09-46B4-BDBA-59B2BEAC5F2C}.Debug|Any CPU.Build.0 = Debug|Any CPU
		{D5260C63-DB09-46B4-BDBA-59B2BEAC5F2C}.Release|Any CPU.ActiveCfg = Release|Any CPU
		{D5260C63-DB09-46B4-BDBA-59B2BEAC5F2C}.Release|Any CPU.Build.0 = Release|Any CPU
		{3C3DB3DB-E7C2-4E9C-8B33-94582131073A}.Debug|Any CPU.ActiveCfg = Debug|Any CPU
		{3C3DB3DB-E7C2-4E9C-8B33-94582131073A}.Debug|Any CPU.Build.0 = Debug|Any CPU
		{3C3DB3DB-E7C2-4E9C-8B33-94582131073A}.Release|Any CPU.ActiveCfg = Release|Any CPU
		{3C3DB3DB-E7C2-4E9C-8B33-94582131073A}.Release|Any CPU.Build.0 = Release|Any CPU
		{B93D2686-E9A2-4700-ADD5-4E7022EB6299}.Debug|Any CPU.ActiveCfg = Debug|Any CPU
		{B93D2686-E9A2-4700-ADD5-4E7022EB6299}.Debug|Any CPU.Build.0 = Debug|Any CPU
		{B93D2686-E9A2-4700-ADD5-4E7022EB6299}.Release|Any CPU.ActiveCfg = Release|Any CPU
		{B93D2686-E9A2-4700-ADD5-4E7022EB6299}.Release|Any CPU.Build.0 = Release|Any CPU
		{C567C433-D405-4947-B2E3-728847CC1EF8}.Debug|Any CPU.ActiveCfg = Debug|Any CPU
		{C567C433-D405-4947-B2E3-728847CC1EF8}.Debug|Any CPU.Build.0 = Debug|Any CPU
		{C567C433-D405-4947-B2E3-728847CC1EF8}.Release|Any CPU.ActiveCfg = Release|Any CPU
		{C567C433-D405-4947-B2E3-728847CC1EF8}.Release|Any CPU.Build.0 = Release|Any CPU
		{DA519ED3-7E60-41F6-94B5-749F11118CF6}.Debug|Any CPU.ActiveCfg = Debug|Any CPU
		{DA519ED3-7E60-41F6-94B5-749F11118CF6}.Debug|Any CPU.Build.0 = Debug|Any CPU
		{DA519ED3-7E60-41F6-94B5-749F11118CF6}.Release|Any CPU.ActiveCfg = Release|Any CPU
		{DA519ED3-7E60-41F6-94B5-749F11118CF6}.Release|Any CPU.Build.0 = Release|Any CPU
		{0A0A8124-BACB-42B3-B199-42A69F9B1D43}.Debug|Any CPU.ActiveCfg = Debug|Any CPU
		{0A0A8124-BACB-42B3-B199-42A69F9B1D43}.Debug|Any CPU.Build.0 = Debug|Any CPU
		{0A0A8124-BACB-42B3-B199-42A69F9B1D43}.Release|Any CPU.ActiveCfg = Release|Any CPU
		{0A0A8124-BACB-42B3-B199-42A69F9B1D43}.Release|Any CPU.Build.0 = Release|Any CPU
		{BE96BAF7-C8C8-4519-8C29-350375F9E96A}.Debug|Any CPU.ActiveCfg = Debug|Any CPU
		{BE96BAF7-C8C8-4519-8C29-350375F9E96A}.Debug|Any CPU.Build.0 = Debug|Any CPU
		{BE96BAF7-C8C8-4519-8C29-350375F9E96A}.Release|Any CPU.ActiveCfg = Release|Any CPU
		{BE96BAF7-C8C8-4519-8C29-350375F9E96A}.Release|Any CPU.Build.0 = Release|Any CPU
		{D2A75343-7585-4DB9-B5F5-E1BCBC8F9740}.Debug|Any CPU.ActiveCfg = Debug|Any CPU
		{D2A75343-7585-4DB9-B5F5-E1BCBC8F9740}.Debug|Any CPU.Build.0 = Debug|Any CPU
		{D2A75343-7585-4DB9-B5F5-E1BCBC8F9740}.Release|Any CPU.ActiveCfg = Release|Any CPU
		{D2A75343-7585-4DB9-B5F5-E1BCBC8F9740}.Release|Any CPU.Build.0 = Release|Any CPU
		{538CC4BB-DDF3-459B-B02A-6302EBA8F86C}.Debug|Any CPU.ActiveCfg = Debug|Any CPU
		{538CC4BB-DDF3-459B-B02A-6302EBA8F86C}.Debug|Any CPU.Build.0 = Debug|Any CPU
		{538CC4BB-DDF3-459B-B02A-6302EBA8F86C}.Release|Any CPU.ActiveCfg = Release|Any CPU
		{538CC4BB-DDF3-459B-B02A-6302EBA8F86C}.Release|Any CPU.Build.0 = Release|Any CPU
		{C9DCAF7F-9FB8-40DA-8EF3-988DEA96729D}.Debug|Any CPU.ActiveCfg = Debug|Any CPU
		{C9DCAF7F-9FB8-40DA-8EF3-988DEA96729D}.Debug|Any CPU.Build.0 = Debug|Any CPU
		{C9DCAF7F-9FB8-40DA-8EF3-988DEA96729D}.Release|Any CPU.ActiveCfg = Release|Any CPU
		{C9DCAF7F-9FB8-40DA-8EF3-988DEA96729D}.Release|Any CPU.Build.0 = Release|Any CPU
		{AE0ED721-9C0F-4532-A468-1CAC0C574C2B}.Debug|Any CPU.ActiveCfg = Debug|Any CPU
		{AE0ED721-9C0F-4532-A468-1CAC0C574C2B}.Debug|Any CPU.Build.0 = Debug|Any CPU
		{AE0ED721-9C0F-4532-A468-1CAC0C574C2B}.Release|Any CPU.ActiveCfg = Release|Any CPU
		{AE0ED721-9C0F-4532-A468-1CAC0C574C2B}.Release|Any CPU.Build.0 = Release|Any CPU
	EndGlobalSection
	GlobalSection(SolutionProperties) = preSolution
		HideSolutionNode = FALSE
	EndGlobalSection
	GlobalSection(NestedProjects) = preSolution
		{29631C9B-2ADF-49EE-B140-9D58451E3D55} = {8A105845-50BD-4EF6-A7C2-0B44D7135F94}
		{EF817F7A-BF8E-48A6-8B5B-14512F70CAE2} = {8A105845-50BD-4EF6-A7C2-0B44D7135F94}
		{D885FA2D-645E-4537-A1F8-765BB8058A91} = {EF817F7A-BF8E-48A6-8B5B-14512F70CAE2}
		{EAC8F97F-FCE3-4A7D-BB3B-0D772228B95B} = {EF817F7A-BF8E-48A6-8B5B-14512F70CAE2}
		{0AFCBF39-8F68-45E7-B446-D884441E80EE} = {EF817F7A-BF8E-48A6-8B5B-14512F70CAE2}
		{ACDBBCE0-D746-4724-8D14-45854FCA298B} = {EF817F7A-BF8E-48A6-8B5B-14512F70CAE2}
		{E6F0C1A8-6BC3-4F46-90E8-C26B0902F685} = {EF817F7A-BF8E-48A6-8B5B-14512F70CAE2}
		{F2496D73-6EAB-4185-A5B1-BBDF6AD55CE8} = {EF817F7A-BF8E-48A6-8B5B-14512F70CAE2}
		{0410DD87-0B0D-4FB4-A1E1-30BAD83DCE08} = {EF817F7A-BF8E-48A6-8B5B-14512F70CAE2}
		{88F3B3F6-CBAC-4C5E-BDAC-AC38FE4AF7F1} = {EF817F7A-BF8E-48A6-8B5B-14512F70CAE2}
		{22E7FB25-A879-49C1-A52F-0511D7D83E38} = {EF817F7A-BF8E-48A6-8B5B-14512F70CAE2}
		{047DE46D-EFC1-44E3-A685-9A84EF859FFD} = {EF817F7A-BF8E-48A6-8B5B-14512F70CAE2}
		{36F75807-7FBC-4D85-B86A-D0EF4BCC9605} = {EF817F7A-BF8E-48A6-8B5B-14512F70CAE2}
		{D580641B-1426-42CA-B5D9-18892617F310} = {EF817F7A-BF8E-48A6-8B5B-14512F70CAE2}
		{2662C3FC-4507-4C3A-ABFF-8FD3508A0E35} = {EF817F7A-BF8E-48A6-8B5B-14512F70CAE2}
		{2CBE5CC1-2B6B-408E-8C15-968549971961} = {EF817F7A-BF8E-48A6-8B5B-14512F70CAE2}
		{2A425E18-98CE-43EA-9228-CC3CAD6D2791} = {EF817F7A-BF8E-48A6-8B5B-14512F70CAE2}
		{B4FB7BF0-0140-427A-9AF7-A905F432C614} = {EF817F7A-BF8E-48A6-8B5B-14512F70CAE2}
		{685BA672-CE34-44ED-8680-78B3F2654002} = {EF817F7A-BF8E-48A6-8B5B-14512F70CAE2}
		{7D612FD6-EA7C-4F78-A845-0121042DAE8E} = {EF817F7A-BF8E-48A6-8B5B-14512F70CAE2}
		{7437690E-C5A3-46CF-AA4F-E0492B584420} = {EF817F7A-BF8E-48A6-8B5B-14512F70CAE2}
		{C156E4F6-387F-4BEA-9585-824F47642600} = {EF817F7A-BF8E-48A6-8B5B-14512F70CAE2}
		{C73084FA-95F2-4737-B21F-37D3E736175D} = {C156E4F6-387F-4BEA-9585-824F47642600}
		{0D51AE80-A7A5-480D-BAB4-B341BDFDCBD5} = {C156E4F6-387F-4BEA-9585-824F47642600}
		{9AE4B7C2-4BAC-49D1-AB3C-F8210EE1C970} = {C156E4F6-387F-4BEA-9585-824F47642600}
		{4D195351-C560-42C1-8E29-F53336A65202} = {7437690E-C5A3-46CF-AA4F-E0492B584420}
		{7AC2ABFD-9106-4BB5-B4AB-82282903B557} = {7437690E-C5A3-46CF-AA4F-E0492B584420}
		{A32751B8-64B0-4498-B2A2-3E275A89B28F} = {7437690E-C5A3-46CF-AA4F-E0492B584420}
		{13FDDA99-F777-4EC3-96B5-FED2EAD89E71} = {7437690E-C5A3-46CF-AA4F-E0492B584420}
		{ECCAAECF-3A14-4A40-9673-024D04031DF7} = {C73084FA-95F2-4737-B21F-37D3E736175D}
		{6557C60E-A7E0-487B-A029-4B24E84E8237} = {C73084FA-95F2-4737-B21F-37D3E736175D}
		{881F89EC-E425-46A8-BEB4-DBA1C20B22D5} = {C73084FA-95F2-4737-B21F-37D3E736175D}
		{C74E526B-D881-4FEB-A3E7-B2535136A97C} = {C73084FA-95F2-4737-B21F-37D3E736175D}
		{EFDB550B-6B0A-4A97-9328-9B42DC768013} = {C73084FA-95F2-4737-B21F-37D3E736175D}
		{BE18A801-753D-47C4-8F94-F3C033B963BC} = {C73084FA-95F2-4737-B21F-37D3E736175D}
		{4664C4EE-B1D6-41E4-8687-4BF8A8E06417} = {C73084FA-95F2-4737-B21F-37D3E736175D}
		{3E7B6B87-5DDA-4DD0-80D2-C62A71B64F4D} = {C73084FA-95F2-4737-B21F-37D3E736175D}
		{F1786B49-7157-474D-8B78-D38473FF5395} = {C73084FA-95F2-4737-B21F-37D3E736175D}
		{AF7806BD-F331-4F33-9264-C84163958EA1} = {3134385F-FBCE-4BD5-9CCE-90936614D710}
		{6708D52F-FB01-490F-BFD5-5B86D1F3855E} = {AF7806BD-F331-4F33-9264-C84163958EA1}
		{BAE9D228-2AD1-43CA-A389-F0AF79F34F4F} = {0D51AE80-A7A5-480D-BAB4-B341BDFDCBD5}
		{FED65FD8-78F1-4FC6-97C2-848D35E1BC1D} = {0D51AE80-A7A5-480D-BAB4-B341BDFDCBD5}
		{E229D748-AEF0-46AA-ACDC-FA170093BDC5} = {0D51AE80-A7A5-480D-BAB4-B341BDFDCBD5}
		{A315705F-0A8A-40F7-BABE-DE2820DEAA2E} = {0D51AE80-A7A5-480D-BAB4-B341BDFDCBD5}
		{3B047A3A-7900-4457-9A73-D2891D2C727B} = {0D51AE80-A7A5-480D-BAB4-B341BDFDCBD5}
		{6DD5B10C-2621-4054-889D-3C4197AE33DE} = {9AE4B7C2-4BAC-49D1-AB3C-F8210EE1C970}
		{CBCB53EC-BFF4-41FD-A90B-AB2859F813C1} = {9AE4B7C2-4BAC-49D1-AB3C-F8210EE1C970}
		{D5260C63-DB09-46B4-BDBA-59B2BEAC5F2C} = {9AE4B7C2-4BAC-49D1-AB3C-F8210EE1C970}
		{3C3DB3DB-E7C2-4E9C-8B33-94582131073A} = {9AE4B7C2-4BAC-49D1-AB3C-F8210EE1C970}
		{B93D2686-E9A2-4700-ADD5-4E7022EB6299} = {9AE4B7C2-4BAC-49D1-AB3C-F8210EE1C970}
		{C567C433-D405-4947-B2E3-728847CC1EF8} = {9AE4B7C2-4BAC-49D1-AB3C-F8210EE1C970}
		{9C51B700-260E-419D-B3EB-0FCE30A2C377} = {29631C9B-2ADF-49EE-B140-9D58451E3D55}
		{DA519ED3-7E60-41F6-94B5-749F11118CF6} = {9C51B700-260E-419D-B3EB-0FCE30A2C377}
		{0A0A8124-BACB-42B3-B199-42A69F9B1D43} = {29631C9B-2ADF-49EE-B140-9D58451E3D55}
		{BE96BAF7-C8C8-4519-8C29-350375F9E96A} = {29631C9B-2ADF-49EE-B140-9D58451E3D55}
		{D2A75343-7585-4DB9-B5F5-E1BCBC8F9740} = {29631C9B-2ADF-49EE-B140-9D58451E3D55}
		{79031241-E970-40CC-B880-19129408A1E4} = {C156E4F6-387F-4BEA-9585-824F47642600}
		{538CC4BB-DDF3-459B-B02A-6302EBA8F86C} = {79031241-E970-40CC-B880-19129408A1E4}
		{C9DCAF7F-9FB8-40DA-8EF3-988DEA96729D} = {79031241-E970-40CC-B880-19129408A1E4}
		{AE0ED721-9C0F-4532-A468-1CAC0C574C2B} = {7437690E-C5A3-46CF-AA4F-E0492B584420}
	EndGlobalSection
	GlobalSection(ExtensibilityGlobals) = postSolution
		SolutionGuid = {BFCABD56-ECB4-4961-BCA0-47BCFC916F46}
	EndGlobalSection
EndGlobal
