
Microsoft Visual Studio Solution File, Format Version 12.00
# Visual Studio Version 17
VisualStudioVersion = 17.2.32630.192
MinimumVisualStudioVersion = 10.0.40219.1
Project("{2150E333-8FDC-42A3-9474-1A3956D46DE8}") = "src", "src", "{E0C84941-EE76-499A-9136-B9035EE2230E}"
EndProject
Project("{2150E333-8FDC-42A3-9474-1A3956D46DE8}") = "ApiGateways", "ApiGateways", "{D88CEEE6-1D1D-4025-AA50-FF1F75677493}"
EndProject
Project("{2150E333-8FDC-42A3-9474-1A3956D46DE8}") = "APIs", "APIs", "{7B22535D-10C9-45EA-B4AF-D01E119DBA85}"
EndProject
Project("{9A19103F-16F7-4668-BE54-9A1E7A4F7556}") = "ApiGateway.Models", "..\..\..\ApiGateways\ApiGateway.Models\ApiGateway.Models.csproj", "{26BB821F-2DF1-4322-AFC5-6CC60F1B74C7}"
EndProject
Project("{9A19103F-16F7-4668-BE54-9A1E7A4F7556}") = "ApiGateway.Proxies", "..\..\..\ApiGateways\ApiGateway.Proxies\ApiGateway.Proxies.csproj", "{A260FDF8-E869-4838-9E59-0EA0B258FD37}"
EndProject
Project("{9A19103F-16F7-4668-BE54-9A1E7A4F7556}") = "ApiGateway.Shared", "..\..\..\ApiGateways\ApiGateway.Shared\ApiGateway.Shared.csproj", "{5D497102-B15B-4F48-A4FE-12429ECE4A4D}"
EndProject
Project("{9A19103F-16F7-4668-BE54-9A1E7A4F7556}") = "Api.Gateway.Web", "..\..\..\ApiGateways\APIs\Api.Gateway.Web\Api.Gateway.Web.csproj", "{0A207766-4763-46F2-B300-A2B8A8D29F60}"
EndProject
Project("{2150E333-8FDC-42A3-9474-1A3956D46DE8}") = "Services", "Services", "{0A09011F-CDCD-45EC-83DD-1AD736E8026D}"
EndProject
Project("{2150E333-8FDC-42A3-9474-1A3956D46DE8}") = "_Ejemplo", "_Ejemplo", "{9A5975DA-A29A-4131-A466-3DD07D12B0C4}"
EndProject
Project("{2150E333-8FDC-42A3-9474-1A3956D46DE8}") = "Auth", "Auth", "{88E6C1F0-8DF3-4273-9CEB-AED193FFEEDE}"
EndProject
Project("{9A19103F-16F7-4668-BE54-9A1E7A4F7556}") = "Auth", "Auth\Auth.csproj", "{92021FE9-4F11-4DDE-BEF3-56D11F073151}"
EndProject
Project("{9A19103F-16F7-4668-BE54-9A1E7A4F7556}") = "Auth.Models", "Auth.Models\Auth.Models.csproj", "{FEECBDA6-9405-45AD-9739-2FAA3263A230}"
EndProject
Global
	GlobalSection(SolutionConfigurationPlatforms) = preSolution
		Debug|Any CPU = Debug|Any CPU
		Release|Any CPU = Release|Any CPU
	EndGlobalSection
	GlobalSection(ProjectConfigurationPlatforms) = postSolution
		{26BB821F-2DF1-4322-AFC5-6CC60F1B74C7}.Debug|Any CPU.ActiveCfg = Debug|Any CPU
		{26BB821F-2DF1-4322-AFC5-6CC60F1B74C7}.Debug|Any CPU.Build.0 = Debug|Any CPU
		{26BB821F-2DF1-4322-AFC5-6CC60F1B74C7}.Release|Any CPU.ActiveCfg = Release|Any CPU
		{26BB821F-2DF1-4322-AFC5-6CC60F1B74C7}.Release|Any CPU.Build.0 = Release|Any CPU
		{A260FDF8-E869-4838-9E59-0EA0B258FD37}.Debug|Any CPU.ActiveCfg = Debug|Any CPU
		{A260FDF8-E869-4838-9E59-0EA0B258FD37}.Debug|Any CPU.Build.0 = Debug|Any CPU
		{A260FDF8-E869-4838-9E59-0EA0B258FD37}.Release|Any CPU.ActiveCfg = Release|Any CPU
		{A260FDF8-E869-4838-9E59-0EA0B258FD37}.Release|Any CPU.Build.0 = Release|Any CPU
		{5D497102-B15B-4F48-A4FE-12429ECE4A4D}.Debug|Any CPU.ActiveCfg = Debug|Any CPU
		{5D497102-B15B-4F48-A4FE-12429ECE4A4D}.Debug|Any CPU.Build.0 = Debug|Any CPU
		{5D497102-B15B-4F48-A4FE-12429ECE4A4D}.Release|Any CPU.ActiveCfg = Release|Any CPU
		{5D497102-B15B-4F48-A4FE-12429ECE4A4D}.Release|Any CPU.Build.0 = Release|Any CPU
		{0A207766-4763-46F2-B300-A2B8A8D29F60}.Debug|Any CPU.ActiveCfg = Debug|Any CPU
		{0A207766-4763-46F2-B300-A2B8A8D29F60}.Debug|Any CPU.Build.0 = Debug|Any CPU
		{0A207766-4763-46F2-B300-A2B8A8D29F60}.Release|Any CPU.ActiveCfg = Release|Any CPU
		{0A207766-4763-46F2-B300-A2B8A8D29F60}.Release|Any CPU.Build.0 = Release|Any CPU
		{92021FE9-4F11-4DDE-BEF3-56D11F073151}.Debug|Any CPU.ActiveCfg = Debug|Any CPU
		{92021FE9-4F11-4DDE-BEF3-56D11F073151}.Debug|Any CPU.Build.0 = Debug|Any CPU
		{92021FE9-4F11-4DDE-BEF3-56D11F073151}.Release|Any CPU.ActiveCfg = Release|Any CPU
		{92021FE9-4F11-4DDE-BEF3-56D11F073151}.Release|Any CPU.Build.0 = Release|Any CPU
		{FEECBDA6-9405-45AD-9739-2FAA3263A230}.Debug|Any CPU.ActiveCfg = Debug|Any CPU
		{FEECBDA6-9405-45AD-9739-2FAA3263A230}.Debug|Any CPU.Build.0 = Debug|Any CPU
		{FEECBDA6-9405-45AD-9739-2FAA3263A230}.Release|Any CPU.ActiveCfg = Release|Any CPU
		{FEECBDA6-9405-45AD-9739-2FAA3263A230}.Release|Any CPU.Build.0 = Release|Any CPU
	EndGlobalSection
	GlobalSection(SolutionProperties) = preSolution
		HideSolutionNode = FALSE
	EndGlobalSection
	GlobalSection(NestedProjects) = preSolution
		{D88CEEE6-1D1D-4025-AA50-FF1F75677493} = {E0C84941-EE76-499A-9136-B9035EE2230E}
		{7B22535D-10C9-45EA-B4AF-D01E119DBA85} = {D88CEEE6-1D1D-4025-AA50-FF1F75677493}
		{26BB821F-2DF1-4322-AFC5-6CC60F1B74C7} = {D88CEEE6-1D1D-4025-AA50-FF1F75677493}
		{A260FDF8-E869-4838-9E59-0EA0B258FD37} = {D88CEEE6-1D1D-4025-AA50-FF1F75677493}
		{5D497102-B15B-4F48-A4FE-12429ECE4A4D} = {D88CEEE6-1D1D-4025-AA50-FF1F75677493}
		{0A207766-4763-46F2-B300-A2B8A8D29F60} = {7B22535D-10C9-45EA-B4AF-D01E119DBA85}
		{0A09011F-CDCD-45EC-83DD-1AD736E8026D} = {E0C84941-EE76-499A-9136-B9035EE2230E}
		{9A5975DA-A29A-4131-A466-3DD07D12B0C4} = {0A09011F-CDCD-45EC-83DD-1AD736E8026D}
		{88E6C1F0-8DF3-4273-9CEB-AED193FFEEDE} = {9A5975DA-A29A-4131-A466-3DD07D12B0C4}
		{92021FE9-4F11-4DDE-BEF3-56D11F073151} = {88E6C1F0-8DF3-4273-9CEB-AED193FFEEDE}
		{FEECBDA6-9405-45AD-9739-2FAA3263A230} = {88E6C1F0-8DF3-4273-9CEB-AED193FFEEDE}
	EndGlobalSection
	GlobalSection(ExtensibilityGlobals) = postSolution
		SolutionGuid = {5FC887D7-CD97-41E4-AB4F-83C003B75E25}
	EndGlobalSection
EndGlobal
