
Microsoft Visual Studio Solution File, Format Version 12.00
# Visual Studio Version 17
VisualStudioVersion = 17.2.32630.192
MinimumVisualStudioVersion = 10.0.40219.1
Project("{2150E333-8FDC-42A3-9474-1A3956D46DE8}") = "src", "src", "{E0C84941-EE76-499A-9136-B9035EE2230E}"
EndProject
Project("{2150E333-8FDC-42A3-9474-1A3956D46DE8}") = "ApiGateways", "ApiGateways", "{D88CEEE6-1D1D-4025-AA50-FF1F75677493}"
EndProject
Project("{2150E333-8FDC-42A3-9474-1A3956D46DE8}") = "APIs", "APIs", "{7B22535D-10C9-45EA-B4AF-D01E119DBA85}"
EndProject
Project("{9A19103F-16F7-4668-BE54-9A1E7A4F7556}") = "ApiGateway.Models", "..\..\..\ApiGateways\ApiGateway.Models\ApiGateway.Models.csproj", "{26BB821F-2DF1-4322-AFC5-6CC60F1B74C7}"
EndProject
Project("{9A19103F-16F7-4668-BE54-9A1E7A4F7556}") = "ApiGateway.Proxies", "..\..\..\ApiGateways\ApiGateway.Proxies\ApiGateway.Proxies.csproj", "{A260FDF8-E869-4838-9E59-0EA0B258FD37}"
EndProject
Project("{9A19103F-16F7-4668-BE54-9A1E7A4F7556}") = "ApiGateway.Shared", "..\..\..\ApiGateways\ApiGateway.Shared\ApiGateway.Shared.csproj", "{5D497102-B15B-4F48-A4FE-12429ECE4A4D}"
EndProject
Project("{9A19103F-16F7-4668-BE54-9A1E7A4F7556}") = "Api.Gateway.Web", "..\..\..\ApiGateways\APIs\Api.Gateway.Web\Api.Gateway.Web.csproj", "{0A207766-4763-46F2-B300-A2B8A8D29F60}"
EndProject
Project("{2150E333-8FDC-42A3-9474-1A3956D46DE8}") = "Services", "Services", "{0A09011F-CDCD-45EC-83DD-1AD736E8026D}"
EndProject
Project("{2150E333-8FDC-42A3-9474-1A3956D46DE8}") = "_Ejemplo", "_Ejemplo", "{9A5975DA-A29A-4131-A466-3DD07D12B0C4}"
EndProject
Project("{2150E333-8FDC-42A3-9474-1A3956D46DE8}") = "Inventario", "Inventario", "{ADE812AC-992A-4685-9E29-9248C81A9E90}"
EndProject
Project("{9A19103F-16F7-4668-BE54-9A1E7A4F7556}") = "Inventario", "Inventario\Inventario.csproj", "{770B9DD7-8776-4729-9ACA-2B25EC43C20E}"
EndProject
Project("{9A19103F-16F7-4668-BE54-9A1E7A4F7556}") = "Inventario.Application", "Inventario.Application\Inventario.Application.csproj", "{2F54E7D6-A662-4B53-843D-7AFA1391A806}"
EndProject
Project("{9A19103F-16F7-4668-BE54-9A1E7A4F7556}") = "Inventario.Contracts", "Inventario.Contracts\Inventario.Contracts.csproj", "{8EF2C73F-81A1-49AA-81E4-153CF8F00100}"
EndProject
Project("{9A19103F-16F7-4668-BE54-9A1E7A4F7556}") = "Inventario.Entities", "Inventario.Entities\Inventario.Entities.csproj", "{EDE84D25-6887-4A34-B4BF-88BD996E3CBF}"
EndProject
Project("{9A19103F-16F7-4668-BE54-9A1E7A4F7556}") = "Inventario.LoggerService", "Inventario.LoggerService\Inventario.LoggerService.csproj", "{7D336518-9D78-46F6-AABE-3CD1B6450034}"
EndProject
Project("{9A19103F-16F7-4668-BE54-9A1E7A4F7556}") = "Inventario.Presentation", "Inventario.Presentation\Inventario.Presentation.csproj", "{6F9A610F-9F59-4B87-BED8-34E0568A68C6}"
EndProject
Project("{9A19103F-16F7-4668-BE54-9A1E7A4F7556}") = "Inventario.Repository", "Inventario.Repository\Inventario.Repository.csproj", "{0A0300E6-0EE6-4502-B47B-5D5F6EFD483F}"
EndProject
Project("{9A19103F-16F7-4668-BE54-9A1E7A4F7556}") = "Inventario.Service", "Inventario.Service\Inventario.Service.csproj", "{2A1639E0-0F3C-443D-818D-C2F95D14D0A9}"
EndProject
Project("{9A19103F-16F7-4668-BE54-9A1E7A4F7556}") = "Inventario.Shared", "Inventario.Shared\Inventario.Shared.csproj", "{BDFD62D6-DA34-4BE4-B8D4-FAFDCD9AA6A8}"
EndProject
Global
	GlobalSection(SolutionConfigurationPlatforms) = preSolution
		Debug|Any CPU = Debug|Any CPU
		Release|Any CPU = Release|Any CPU
	EndGlobalSection
	GlobalSection(ProjectConfigurationPlatforms) = postSolution
		{26BB821F-2DF1-4322-AFC5-6CC60F1B74C7}.Debug|Any CPU.ActiveCfg = Debug|Any CPU
		{26BB821F-2DF1-4322-AFC5-6CC60F1B74C7}.Debug|Any CPU.Build.0 = Debug|Any CPU
		{26BB821F-2DF1-4322-AFC5-6CC60F1B74C7}.Release|Any CPU.ActiveCfg = Release|Any CPU
		{26BB821F-2DF1-4322-AFC5-6CC60F1B74C7}.Release|Any CPU.Build.0 = Release|Any CPU
		{A260FDF8-E869-4838-9E59-0EA0B258FD37}.Debug|Any CPU.ActiveCfg = Debug|Any CPU
		{A260FDF8-E869-4838-9E59-0EA0B258FD37}.Debug|Any CPU.Build.0 = Debug|Any CPU
		{A260FDF8-E869-4838-9E59-0EA0B258FD37}.Release|Any CPU.ActiveCfg = Release|Any CPU
		{A260FDF8-E869-4838-9E59-0EA0B258FD37}.Release|Any CPU.Build.0 = Release|Any CPU
		{5D497102-B15B-4F48-A4FE-12429ECE4A4D}.Debug|Any CPU.ActiveCfg = Debug|Any CPU
		{5D497102-B15B-4F48-A4FE-12429ECE4A4D}.Debug|Any CPU.Build.0 = Debug|Any CPU
		{5D497102-B15B-4F48-A4FE-12429ECE4A4D}.Release|Any CPU.ActiveCfg = Release|Any CPU
		{5D497102-B15B-4F48-A4FE-12429ECE4A4D}.Release|Any CPU.Build.0 = Release|Any CPU
		{0A207766-4763-46F2-B300-A2B8A8D29F60}.Debug|Any CPU.ActiveCfg = Debug|Any CPU
		{0A207766-4763-46F2-B300-A2B8A8D29F60}.Debug|Any CPU.Build.0 = Debug|Any CPU
		{0A207766-4763-46F2-B300-A2B8A8D29F60}.Release|Any CPU.ActiveCfg = Release|Any CPU
		{0A207766-4763-46F2-B300-A2B8A8D29F60}.Release|Any CPU.Build.0 = Release|Any CPU
		{770B9DD7-8776-4729-9ACA-2B25EC43C20E}.Debug|Any CPU.ActiveCfg = Debug|Any CPU
		{770B9DD7-8776-4729-9ACA-2B25EC43C20E}.Debug|Any CPU.Build.0 = Debug|Any CPU
		{770B9DD7-8776-4729-9ACA-2B25EC43C20E}.Release|Any CPU.ActiveCfg = Release|Any CPU
		{770B9DD7-8776-4729-9ACA-2B25EC43C20E}.Release|Any CPU.Build.0 = Release|Any CPU
		{2F54E7D6-A662-4B53-843D-7AFA1391A806}.Debug|Any CPU.ActiveCfg = Debug|Any CPU
		{2F54E7D6-A662-4B53-843D-7AFA1391A806}.Debug|Any CPU.Build.0 = Debug|Any CPU
		{2F54E7D6-A662-4B53-843D-7AFA1391A806}.Release|Any CPU.ActiveCfg = Release|Any CPU
		{2F54E7D6-A662-4B53-843D-7AFA1391A806}.Release|Any CPU.Build.0 = Release|Any CPU
		{8EF2C73F-81A1-49AA-81E4-153CF8F00100}.Debug|Any CPU.ActiveCfg = Debug|Any CPU
		{8EF2C73F-81A1-49AA-81E4-153CF8F00100}.Debug|Any CPU.Build.0 = Debug|Any CPU
		{8EF2C73F-81A1-49AA-81E4-153CF8F00100}.Release|Any CPU.ActiveCfg = Release|Any CPU
		{8EF2C73F-81A1-49AA-81E4-153CF8F00100}.Release|Any CPU.Build.0 = Release|Any CPU
		{EDE84D25-6887-4A34-B4BF-88BD996E3CBF}.Debug|Any CPU.ActiveCfg = Debug|Any CPU
		{EDE84D25-6887-4A34-B4BF-88BD996E3CBF}.Debug|Any CPU.Build.0 = Debug|Any CPU
		{EDE84D25-6887-4A34-B4BF-88BD996E3CBF}.Release|Any CPU.ActiveCfg = Release|Any CPU
		{EDE84D25-6887-4A34-B4BF-88BD996E3CBF}.Release|Any CPU.Build.0 = Release|Any CPU
		{7D336518-9D78-46F6-AABE-3CD1B6450034}.Debug|Any CPU.ActiveCfg = Debug|Any CPU
		{7D336518-9D78-46F6-AABE-3CD1B6450034}.Debug|Any CPU.Build.0 = Debug|Any CPU
		{7D336518-9D78-46F6-AABE-3CD1B6450034}.Release|Any CPU.ActiveCfg = Release|Any CPU
		{7D336518-9D78-46F6-AABE-3CD1B6450034}.Release|Any CPU.Build.0 = Release|Any CPU
		{6F9A610F-9F59-4B87-BED8-34E0568A68C6}.Debug|Any CPU.ActiveCfg = Debug|Any CPU
		{6F9A610F-9F59-4B87-BED8-34E0568A68C6}.Debug|Any CPU.Build.0 = Debug|Any CPU
		{6F9A610F-9F59-4B87-BED8-34E0568A68C6}.Release|Any CPU.ActiveCfg = Release|Any CPU
		{6F9A610F-9F59-4B87-BED8-34E0568A68C6}.Release|Any CPU.Build.0 = Release|Any CPU
		{0A0300E6-0EE6-4502-B47B-5D5F6EFD483F}.Debug|Any CPU.ActiveCfg = Debug|Any CPU
		{0A0300E6-0EE6-4502-B47B-5D5F6EFD483F}.Debug|Any CPU.Build.0 = Debug|Any CPU
		{0A0300E6-0EE6-4502-B47B-5D5F6EFD483F}.Release|Any CPU.ActiveCfg = Release|Any CPU
		{0A0300E6-0EE6-4502-B47B-5D5F6EFD483F}.Release|Any CPU.Build.0 = Release|Any CPU
		{2A1639E0-0F3C-443D-818D-C2F95D14D0A9}.Debug|Any CPU.ActiveCfg = Debug|Any CPU
		{2A1639E0-0F3C-443D-818D-C2F95D14D0A9}.Debug|Any CPU.Build.0 = Debug|Any CPU
		{2A1639E0-0F3C-443D-818D-C2F95D14D0A9}.Release|Any CPU.ActiveCfg = Release|Any CPU
		{2A1639E0-0F3C-443D-818D-C2F95D14D0A9}.Release|Any CPU.Build.0 = Release|Any CPU
		{BDFD62D6-DA34-4BE4-B8D4-FAFDCD9AA6A8}.Debug|Any CPU.ActiveCfg = Debug|Any CPU
		{BDFD62D6-DA34-4BE4-B8D4-FAFDCD9AA6A8}.Debug|Any CPU.Build.0 = Debug|Any CPU
		{BDFD62D6-DA34-4BE4-B8D4-FAFDCD9AA6A8}.Release|Any CPU.ActiveCfg = Release|Any CPU
		{BDFD62D6-DA34-4BE4-B8D4-FAFDCD9AA6A8}.Release|Any CPU.Build.0 = Release|Any CPU
	EndGlobalSection
	GlobalSection(SolutionProperties) = preSolution
		HideSolutionNode = FALSE
	EndGlobalSection
	GlobalSection(NestedProjects) = preSolution
		{D88CEEE6-1D1D-4025-AA50-FF1F75677493} = {E0C84941-EE76-499A-9136-B9035EE2230E}
		{7B22535D-10C9-45EA-B4AF-D01E119DBA85} = {D88CEEE6-1D1D-4025-AA50-FF1F75677493}
		{26BB821F-2DF1-4322-AFC5-6CC60F1B74C7} = {D88CEEE6-1D1D-4025-AA50-FF1F75677493}
		{A260FDF8-E869-4838-9E59-0EA0B258FD37} = {D88CEEE6-1D1D-4025-AA50-FF1F75677493}
		{5D497102-B15B-4F48-A4FE-12429ECE4A4D} = {D88CEEE6-1D1D-4025-AA50-FF1F75677493}
		{0A207766-4763-46F2-B300-A2B8A8D29F60} = {7B22535D-10C9-45EA-B4AF-D01E119DBA85}
		{0A09011F-CDCD-45EC-83DD-1AD736E8026D} = {E0C84941-EE76-499A-9136-B9035EE2230E}
		{9A5975DA-A29A-4131-A466-3DD07D12B0C4} = {0A09011F-CDCD-45EC-83DD-1AD736E8026D}
		{ADE812AC-992A-4685-9E29-9248C81A9E90} = {9A5975DA-A29A-4131-A466-3DD07D12B0C4}
		{770B9DD7-8776-4729-9ACA-2B25EC43C20E} = {ADE812AC-992A-4685-9E29-9248C81A9E90}
		{2F54E7D6-A662-4B53-843D-7AFA1391A806} = {ADE812AC-992A-4685-9E29-9248C81A9E90}
		{8EF2C73F-81A1-49AA-81E4-153CF8F00100} = {ADE812AC-992A-4685-9E29-9248C81A9E90}
		{EDE84D25-6887-4A34-B4BF-88BD996E3CBF} = {ADE812AC-992A-4685-9E29-9248C81A9E90}
		{7D336518-9D78-46F6-AABE-3CD1B6450034} = {ADE812AC-992A-4685-9E29-9248C81A9E90}
		{6F9A610F-9F59-4B87-BED8-34E0568A68C6} = {ADE812AC-992A-4685-9E29-9248C81A9E90}
		{0A0300E6-0EE6-4502-B47B-5D5F6EFD483F} = {ADE812AC-992A-4685-9E29-9248C81A9E90}
		{2A1639E0-0F3C-443D-818D-C2F95D14D0A9} = {ADE812AC-992A-4685-9E29-9248C81A9E90}
		{BDFD62D6-DA34-4BE4-B8D4-FAFDCD9AA6A8} = {ADE812AC-992A-4685-9E29-9248C81A9E90}
	EndGlobalSection
	GlobalSection(ExtensibilityGlobals) = postSolution
		SolutionGuid = {5FC887D7-CD97-41E4-AB4F-83C003B75E25}
	EndGlobalSection
EndGlobal
